# @generated by Move, please check-in and do not edit manually.

[move]
version = 0
manifest_digest = "1688B2D0C1E12DD2A69FBCFDF767A611F4395AD5C9A50AAEB5A9320B3E7AE1BD"
deps_digest = "E3B0C44298FC1C149AFBF4C8996FB92427AE41E4649B934CA495991B7852B855"

[move.toolchain-version]
compiler-version = "1.20.0"
edition = "legacy"
flavor = "sui"
